{
    "_meta": {
        "hash": {
            "sha256": "7e5afb8dd0baf70f2c94a150450b9d37f6ef2fb315dd241484e13f59fdf3a840"
        },
        "pipfile-spec": 6,
        "requires": {
            "python_version": "3.7"
        },
        "sources": [
            {
                "name": "pypi",
                "url": "https://pypi.org/simple",
                "verify_ssl": true
            }
        ]
    },
    "default": {
        "aws-lambda-powertools": {
            "hashes": [
                "sha256:05661b2ed6d442008415519ffd2a61a39a5484b40d2ec46e10ad9a8a08e0e82e",
                "sha256:660b0294f14e6e62e957dcda76583e8bfbbd0b02c97ca3963b861d6b3c7415f2"
            ],
            "index": "pypi",
            "version": "==2.3.1"
        },
        "typing-extensions": {
            "hashes": [
                "sha256:1511434bb92bf8dd198c12b1cc812e800d4181cfcb867674e0f8279cc93087aa",
                "sha256:16fa4864408f655d35ec496218b85f79b3437c829e93320c7c9215ccfd92489e"
            ],
            "markers": "python_version >= '3.7'",
            "version": "==4.4.0"
        }
    },
    "develop": {}
}
